
Microsoft Visual Studio Solution File, Format Version 12.00
# Visual Studio 15
VisualStudioVersion = 15.0.27004.2009
MinimumVisualStudioVersion = 10.0.40219.1
Project("{8BC9CEB8-8B4A-11D0-8D11-00A0C91BC942}") = "ide", "ide.vcxproj", "{BF2093D8-AB08-4A2A-8A37-66FD0A6AAB6E}"
EndProject
Global
	GlobalSection(SolutionConfigurationPlatforms) = preSolution
		Debug|x64 = Debug|x64
		Debug|x86 = Debug|x86
		Release|x64 = Release|x64
		Release|x86 = Release|x86
	EndGlobalSection
	GlobalSection(ProjectConfigurationPlatforms) = postSolution
		{BF2093D8-AB08-4A2A-8A37-66FD0A6AAB6E}.Debug|x64.ActiveCfg = Debug|x64
		{BF2093D8-AB08-4A2A-8A37-66FD0A6AAB6E}.Debug|x64.Build.0 = Debug|x64
		{BF2093D8-AB08-4A2A-8A37-66FD0A6AAB6E}.Debug|x86.ActiveCfg = Debug|Win32
		{BF2093D8-AB08-4A2A-8A37-66FD0A6AAB6E}.Debug|x86.Build.0 = Debug|Win32
		{BF2093D8-AB08-4A2A-8A37-66FD0A6AAB6E}.Release|x64.ActiveCfg = Release|x64
		{BF2093D8-AB08-4A2A-8A37-66FD0A6AAB6E}.Release|x64.Build.0 = Release|x64
		{BF2093D8-AB08-4A2A-8A37-66FD0A6AAB6E}.Release|x86.ActiveCfg = Release|Win32
		{BF2093D8-AB08-4A2A-8A37-66FD0A6AAB6E}.Release|x86.Build.0 = Release|Win32
	EndGlobalSection
	GlobalSection(SolutionProperties) = preSolution
		HideSolutionNode = FALSE
	EndGlobalSection
	GlobalSection(ExtensibilityGlobals) = postSolution
		SolutionGuid = {BF18B9AA-3FEA-4426-B7DA-08195ADA589A}
	EndGlobalSection
EndGlobal
